{
    "_readme": [
        "This file locks the dependencies of your project to a known state",
        "Read more about it at https://getcomposer.org/doc/01-basic-usage.md#installing-dependencies",
        "This file is @generated automatically"
    ],
    "content-hash": "040eed7549af5d1d5ddd7a4920661264",
    "packages": [
        {
            "name": "symfony/deprecation-contracts",
            "version": "v3.5.0",
            "dist": {
                "type": "zip",
                "url": "https://mirrors.tencent.com/repository/composer/symfony/deprecation-contracts/v3.5.0/symfony-deprecation-contracts-v3.5.0.zip",
                "reference": "0e0d29ce1f20deffb4ab1b016a7257c4f1e789a1",
                "shasum": ""
            },
            "require": {
                "php": ">=8.1"
            },
            "type": "library",
            "extra": {
                "branch-alias": {
                    "dev-main": "3.5-dev"
                },
                "thanks": {
                    "name": "symfony/contracts",
                    "url": "https://github.com/symfony/contracts"
                }
            },
            "autoload": {
                "files": [
                    "function.php"
                ]
            },
            "license": [
                "MIT"
            ],
            "authors": [
                {
                    "name": "Nicolas Grekas",
                    "email": "p@tchwork.com"
                },
                {
                    "name": "Symfony Community",
                    "homepage": "https://symfony.com/contributors"
                }
            ],
            "description": "A generic function and convention to trigger deprecation notices",
            "homepage": "https://symfony.com",
            "time": "2024-04-18T09:32:20+00:00"
        },
        {
            "name": "symfony/http-foundation",
            "version": "v5.4.42",
            "dist": {
                "type": "zip",
                "url": "https://mirrors.tencent.com/repository/composer/symfony/http-foundation/v5.4.42/symfony-http-foundation-v5.4.42.zip",
                "reference": "9c375b2abef0b657aa0b7612b763df5c12a465ab",
                "shasum": ""
            },
            "require": {
                "php": ">=7.2.5",
                "symfony/deprecation-contracts": "^2.1|^3",
                "symfony/polyfill-mbstring": "~1.1",
                "symfony/polyfill-php80": "^1.16"
            },
            "require-dev": {
                "predis/predis": "^1.0|^2.0",
                "symfony/cache": "^4.4|^5.0|^6.0",
                "symfony/dependency-injection": "^5.4|^6.0",
                "symfony/expression-language": "^4.4|^5.0|^6.0",
                "symfony/http-kernel": "^5.4.12|^6.0.12|^6.1.4",
                "symfony/mime": "^4.4|^5.0|^6.0",
                "symfony/rate-limiter": "^5.2|^6.0"
            },
            "suggest": {
                "symfony/mime": "To use the file extension guesser"
            },
            "type": "library",
            "autoload": {
                "psr-4": {
                    "Symfony\\Component\\HttpFoundation\\": ""
                },
                "exclude-from-classmap": [
                    "/Tests/"
                ]
            },
            "license": [
                "MIT"
            ],
            "authors": [
                {
                    "name": "Fabien Potencier",
                    "email": "fabien@symfony.com"
                },
                {
                    "name": "Symfony Community",
                    "homepage": "https://symfony.com/contributors"
                }
            ],
            "description": "Defines an object-oriented layer for the HTTP specification",
            "homepage": "https://symfony.com",
            "time": "2024-07-26T11:59:59+00:00"
        },
        {
            "name": "symfony/polyfill-mbstring",
            "version": "v1.30.0",
            "dist": {
                "type": "zip",
                "url": "https://mirrors.tencent.com/repository/composer/symfony/polyfill-mbstring/v1.30.0/symfony-polyfill-mbstring-v1.30.0.zip",
                "reference": "fd22ab50000ef01661e2a31d850ebaa297f8e03c",
                "shasum": ""
            },
            "require": {
                "php": ">=7.1"
            },
            "provide": {
                "ext-mbstring": "*"
            },
            "suggest": {
                "ext-mbstring": "For best performance"
            },
            "type": "library",
            "extra": {
                "thanks": {
                    "name": "symfony/polyfill",
                    "url": "https://github.com/symfony/polyfill"
                }
            },
            "autoload": {
                "files": [
                    "bootstrap.php"
                ],
                "psr-4": {
                    "Symfony\\Polyfill\\Mbstring\\": ""
                }
            },
            "license": [
                "MIT"
            ],
            "authors": [
                {
                    "name": "Nicolas Grekas",
                    "email": "p@tchwork.com"
                },
                {
                    "name": "Symfony Community",
                    "homepage": "https://symfony.com/contributors"
                }
            ],
            "description": "Symfony polyfill for the Mbstring extension",
            "homepage": "https://symfony.com",
            "keywords": [
                "compatibility",
                "mbstring",
                "polyfill",
                "portable",
                "shim"
            ],
            "time": "2024-06-19T12:30:46+00:00"
        },
        {
            "name": "symfony/polyfill-php80",
            "version": "v1.30.0",
            "dist": {
                "type": "zip",
                "url": "https://mirrors.tencent.com/repository/composer/symfony/polyfill-php80/v1.30.0/symfony-polyfill-php80-v1.30.0.zip",
                "reference": "77fa7995ac1b21ab60769b7323d600a991a90433",
                "shasum": ""
            },
            "require": {
                "php": ">=7.1"
            },
            "type": "library",
            "extra": {
                "thanks": {
                    "name": "symfony/polyfill",
                    "url": "https://github.com/symfony/polyfill"
                }
            },
            "autoload": {
                "files": [
                    "bootstrap.php"
                ],
                "psr-4": {
                    "Symfony\\Polyfill\\Php80\\": ""
                },
                "classmap": [
                    "Resources/stubs"
                ]
            },
            "license": [
                "MIT"
            ],
            "authors": [
                {
                    "name": "Ion Bazan",
                    "email": "ion.bazan@gmail.com"
                },
                {
                    "name": "Nicolas Grekas",
                    "email": "p@tchwork.com"
                },
                {
                    "name": "Symfony Community",
                    "homepage": "https://symfony.com/contributors"
                }
            ],
            "description": "Symfony polyfill backporting some PHP 8.0+ features to lower PHP versions",
            "homepage": "https://symfony.com",
            "keywords": [
                "compatibility",
                "polyfill",
                "portable",
                "shim"
            ],
            "time": "2024-05-31T15:07:36+00:00"
        },
        {
            "name": "tonyhhyip/sse",
            "version": "2.2.0",
            "dist": {
                "type": "zip",
                "url": "https://mirrors.tencent.com/repository/composer/tonyhhyip/sse/2.2.0/tonyhhyip-sse-2.2.0.zip",
                "reference": "9252db2af0f8a43c9c20e12a25711018220438e6",
                "shasum": ""
            },
            "require": {
                "php": ">=5.3.9",
                "symfony/http-foundation": "~2.7 | ~3.0 | ~4.0 | ~5.0"
            },
            "require-dev": {
                "phpunit/phpunit": "~4.2 | ~5.0"
            },
            "suggest": {
                "predis/predis": "For using RedisMechnism",
                "symfony/polyfill-apcu": "For APCMecnism on PHP < 7.0"
            },
            "type": "library",
            "autoload": {
                "psr-4": {
                    "Sse\\": "src/"
                }
            },
            "license": [
                "MIT"
            ],
            "authors": [
                {
                    "name": "Licson Lee",
                    "email": "licson0729@gmail.com",
                    "homepage": "https://licson.net/",
                    "role": "Owner"
                },
                {
                    "name": "Tony Yip",
                    "email": "tony@opensource.hk",
                    "homepage": "https://github.com/tonyhhyip",
                    "role": "Developer"
                }
            ],
            "description": "An easy-to-use, object-oriented library for Server-Sent Events",
            "homepage": "https://github.com/licson0729/libSSE-php",
            "keywords": [
                "sse"
            ],
            "time": "2022-05-24T08:35:40+00:00"
        }
    ],
    "packages-dev": [],
    "aliases": [],
    "minimum-stability": "stable",
    "stability-flags": [],
    "prefer-stable": false,
    "prefer-lowest": false,
    "platform": [],
    "platform-dev": [],
    "plugin-api-version": "2.6.0"
}
